// !$*UTF8*$!
{
	archiveVersion = 1;
	classes = {
	};
	objectVersion = 50;
	objects = {

/* Begin PBXBuildFile section */
		080785AB24B99DE800EF9CBD /* timeburnernormal.ttf in Resources */ = {isa = PBXBuildFile; fileRef = 080785AA24B99DAA00EF9CBD /* timeburnernormal.ttf */; };
		08121F0424EDA957001BA6B1 /* BlurCutOut.swift in Sources */ = {isa = PBXBuildFile; fileRef = 08121F0324EDA957001BA6B1 /* BlurCutOut.swift */; };
		0823544C24B06A3B00F99604 /* RoundedButton.swift in Sources */ = {isa = PBXBuildFile; fileRef = 0823544B24B06A3B00F99604 /* RoundedButton.swift */; };
		082F00382458F1E30014C0CB /* AppDelegate.swift in Sources */ = {isa = PBXBuildFile; fileRef = 082F00372458F1E30014C0CB /* AppDelegate.swift */; };
		082F003A2458F1E30014C0CB /* SceneDelegate.swift in Sources */ = {isa = PBXBuildFile; fileRef = 082F00392458F1E30014C0CB /* SceneDelegate.swift */; };
		082F003C2458F1E30014C0CB /* IntroViewController.swift in Sources */ = {isa = PBXBuildFile; fileRef = 082F003B2458F1E30014C0CB /* IntroViewController.swift */; };
		082F003F2458F1E30014C0CB /* Main.storyboard in Resources */ = {isa = PBXBuildFile; fileRef = 082F003D2458F1E30014C0CB /* Main.storyboard */; };
		082F00412458F1E50014C0CB /* Assets.xcassets in Resources */ = {isa = PBXBuildFile; fileRef = 082F00402458F1E50014C0CB /* Assets.xcassets */; };
		082F00442458F1E50014C0CB /* LaunchScreen.storyboard in Resources */ = {isa = PBXBuildFile; fileRef = 082F00422458F1E50014C0CB /* LaunchScreen.storyboard */; };
		08743C39246F6216004932DE /* EditorViewController.swift in Sources */ = {isa = PBXBuildFile; fileRef = 08743C38246F6216004932DE /* EditorViewController.swift */; };
		08743C3B246F6620004932DE /* PlayfieldViewController.swift in Sources */ = {isa = PBXBuildFile; fileRef = 08743C3A246F6620004932DE /* PlayfieldViewController.swift */; };
/* End PBXBuildFile section */

/* Begin PBXFileReference section */
		080785AA24B99DAA00EF9CBD /* timeburnernormal.ttf */ = {isa = PBXFileReference; lastKnownFileType = file; path = timeburnernormal.ttf; sourceTree = "<group>"; };
		08121F0324EDA957001BA6B1 /* BlurCutOut.swift */ = {isa = PBXFileReference; lastKnownFileType = sourcecode.swift; path = BlurCutOut.swift; sourceTree = "<group>"; };
		0823544B24B06A3B00F99604 /* RoundedButton.swift */ = {isa = PBXFileReference; lastKnownFileType = sourcecode.swift; path = RoundedButton.swift; sourceTree = "<group>"; };
		082F00342458F1E30014C0CB /* Gridy.app */ = {isa = PBXFileReference; explicitFileType = wrapper.application; includeInIndex = 0; path = Gridy.app; sourceTree = BUILT_PRODUCTS_DIR; };
		082F00372458F1E30014C0CB /* AppDelegate.swift */ = {isa = PBXFileReference; lastKnownFileType = sourcecode.swift; path = AppDelegate.swift; sourceTree = "<group>"; };
		082F00392458F1E30014C0CB /* SceneDelegate.swift */ = {isa = PBXFileReference; lastKnownFileType = sourcecode.swift; path = SceneDelegate.swift; sourceTree = "<group>"; };
		082F003B2458F1E30014C0CB /* IntroViewController.swift */ = {isa = PBXFileReference; lastKnownFileType = sourcecode.swift; path = IntroViewController.swift; sourceTree = "<group>"; };
		082F003E2458F1E30014C0CB /* Base */ = {isa = PBXFileReference; lastKnownFileType = file.storyboard; name = Base; path = Base.lproj/Main.storyboard; sourceTree = "<group>"; };
		082F00402458F1E50014C0CB /* Assets.xcassets */ = {isa = PBXFileReference; lastKnownFileType = folder.assetcatalog; path = Assets.xcassets; sourceTree = "<group>"; };
		082F00432458F1E50014C0CB /* Base */ = {isa = PBXFileReference; lastKnownFileType = file.storyboard; name = Base; path = Base.lproj/LaunchScreen.storyboard; sourceTree = "<group>"; };
		082F00452458F1E50014C0CB /* Info.plist */ = {isa = PBXFileReference; lastKnownFileType = text.plist.xml; path = Info.plist; sourceTree = "<group>"; };
		08743C38246F6216004932DE /* EditorViewController.swift */ = {isa = PBXFileReference; lastKnownFileType = sourcecode.swift; path = EditorViewController.swift; sourceTree = "<group>"; };
		08743C3A246F6620004932DE /* PlayfieldViewController.swift */ = {isa = PBXFileReference; lastKnownFileType = sourcecode.swift; path = PlayfieldViewController.swift; sourceTree = "<group>"; };
/* End PBXFileReference section */

/* Begin PBXFrameworksBuildPhase section */
		082F00312458F1E30014C0CB /* Frameworks */ = {
			isa = PBXFrameworksBuildPhase;
			buildActionMask = 2147483647;
			files = (
			);
			runOnlyForDeploymentPostprocessing = 0;
		};
/* End PBXFrameworksBuildPhase section */

/* Begin PBXGroup section */
		082F002B2458F1E30014C0CB = {
			isa = PBXGroup;
			children = (
				082F00362458F1E30014C0CB /* Gridy */,
				082F00352458F1E30014C0CB /* Products */,
			);
			sourceTree = "<group>";
		};
		082F00352458F1E30014C0CB /* Products */ = {
			isa = PBXGroup;
			children = (
				082F00342458F1E30014C0CB /* Gridy.app */,
			);
			name = Products;
			sourceTree = "<group>";
		};
		082F00362458F1E30014C0CB /* Gridy */ = {
			isa = PBXGroup;
			children = (
				0897D1C92492EC5D00DEC0C0 /* Fonts */,
				082F00372458F1E30014C0CB /* AppDelegate.swift */,
				082F00392458F1E30014C0CB /* SceneDelegate.swift */,
				082F003B2458F1E30014C0CB /* IntroViewController.swift */,
				0823544B24B06A3B00F99604 /* RoundedButton.swift */,
				082F003D2458F1E30014C0CB /* Main.storyboard */,
				08743C3A246F6620004932DE /* PlayfieldViewController.swift */,
				08743C38246F6216004932DE /* EditorViewController.swift */,
				08121F0324EDA957001BA6B1 /* BlurCutOut.swift */,
				082F00402458F1E50014C0CB /* Assets.xcassets */,
				082F00422458F1E50014C0CB /* LaunchScreen.storyboard */,
				082F00452458F1E50014C0CB /* Info.plist */,
			);
			path = Gridy;
			sourceTree = "<group>";
		};
		0897D1C92492EC5D00DEC0C0 /* Fonts */ = {
			isa = PBXGroup;
			children = (
				080785AA24B99DAA00EF9CBD /* timeburnernormal.ttf */,
			);
			path = Fonts;
			sourceTree = "<group>";
		};
/* End PBXGroup section */

/* Begin PBXNativeTarget section */
		082F00332458F1E30014C0CB /* Gridy */ = {
			isa = PBXNativeTarget;
			buildConfigurationList = 082F00482458F1E50014C0CB /* Build configuration list for PBXNativeTarget "Gridy" */;
			buildPhases = (
				082F00302458F1E30014C0CB /* Sources */,
				082F00312458F1E30014C0CB /* Frameworks */,
				082F00322458F1E30014C0CB /* Resources */,
			);
			buildRules = (
			);
			dependencies = (
			);
			name = Gridy;
			productName = Gridy;
			productReference = 082F00342458F1E30014C0CB /* Gridy.app */;
			productType = "com.apple.product-type.application";
		};
/* End PBXNativeTarget section */

/* Begin PBXProject section */
		082F002C2458F1E30014C0CB /* Project object */ = {
			isa = PBXProject;
			attributes = {
				LastSwiftUpdateCheck = 1140;
				LastUpgradeCheck = 1140;
				ORGANIZATIONNAME = "Eva Madarasz";
				TargetAttributes = {
					082F00332458F1E30014C0CB = {
						CreatedOnToolsVersion = 11.4.1;
					};
				};
			};
			buildConfigurationList = 082F002F2458F1E30014C0CB /* Build configuration list for PBXProject "Gridy" */;
			compatibilityVersion = "Xcode 9.3";
			developmentRegion = en;
			hasScannedForEncodings = 0;
			knownRegions = (
				en,
				Base,
			);
			mainGroup = 082F002B2458F1E30014C0CB;
			productRefGroup = 082F00352458F1E30014C0CB /* Products */;
			projectDirPath = "";
			projectRoot = "";
			targets = (
				082F00332458F1E30014C0CB /* Gridy */,
			);
		};
/* End PBXProject section */

/* Begin PBXResourcesBuildPhase section */
		082F00322458F1E30014C0CB /* Resources */ = {
			isa = PBXResourcesBuildPhase;
			buildActionMask = 2147483647;
			files = (
				082F00442458F1E50014C0CB /* LaunchScreen.storyboard in Resources */,
				080785AB24B99DE800EF9CBD /* timeburnernormal.ttf in Resources */,
				082F00412458F1E50014C0CB /* Assets.xcassets in Resources */,
				082F003F2458F1E30014C0CB /* Main.storyboard in Resources */,
			);
			runOnlyForDeploymentPostprocessing = 0;
		};
/* End PBXResourcesBuildPhase section */

/* Begin PBXSourcesBuildPhase section */
		082F00302458F1E30014C0CB /* Sources */ = {
			isa = PBXSourcesBuildPhase;
			buildActionMask = 2147483647;
			files = (
				082F003C2458F1E30014C0CB /* IntroViewController.swift in Sources */,
				08121F0424EDA957001BA6B1 /* BlurCutOut.swift in Sources */,
				082F00382458F1E30014C0CB /* AppDelegate.swift in Sources */,
				082F003A2458F1E30014C0CB /* SceneDelegate.swift in Sources */,
				08743C3B246F6620004932DE /* PlayfieldViewController.swift in Sources */,
				08743C39246F6216004932DE /* EditorViewController.swift in Sources */,
				0823544C24B06A3B00F99604 /* RoundedButton.swift in Sources */,
			);
			runOnlyForDeploymentPostprocessing = 0;
		};
/* End PBXSourcesBuildPhase section */

/* Begin PBXVariantGroup section */
		082F003D2458F1E30014C0CB /* Main.storyboard */ = {
			isa = PBXVariantGroup;
			children = (
				082F003E2458F1E30014C0CB /* Base */,
			);
			name = Main.storyboard;
			sourceTree = "<group>";
		};
		082F00422458F1E50014C0CB /* LaunchScreen.storyboard */ = {
			isa = PBXVariantGroup;
			children = (
				082F00432458F1E50014C0CB /* Base */,
			);
			name = LaunchScreen.storyboard;
			sourceTree = "<group>";
		};
/* End PBXVariantGroup section */

/* Begin XCBuildConfiguration section */
		082F00462458F1E50014C0CB /* Debug */ = {
			isa = XCBuildConfiguration;
			buildSettings = {
				ALWAYS_SEARCH_USER_PATHS = NO;
				CLANG_ANALYZER_NONNULL = YES;
				CLANG_ANALYZER_NUMBER_OBJECT_CONVERSION = YES_AGGRESSIVE;
				CLANG_CXX_LANGUAGE_STANDARD = "gnu++14";
				CLANG_CXX_LIBRARY = "libc++";
				CLANG_ENABLE_MODULES = YES;
				CLANG_ENABLE_OBJC_ARC = YES;
				CLANG_ENABLE_OBJC_WEAK = YES;
				CLANG_WARN_BLOCK_CAPTURE_AUTORELEASING = YES;
				CLANG_WARN_BOOL_CONVERSION = YES;
				CLANG_WARN_COMMA = YES;
				CLANG_WARN_CONSTANT_CONVERSION = YES;
				CLANG_WARN_DEPRECATED_OBJC_IMPLEMENTATIONS = YES;
				CLANG_WARN_DIRECT_OBJC_ISA_USAGE = YES_ERROR;
				CLANG_WARN_DOCUMENTATION_COMMENTS = YES;
				CLANG_WARN_EMPTY_BODY = YES;
				CLANG_WARN_ENUM_CONVERSION = YES;
				CLANG_WARN_INFINITE_RECURSION = YES;
				CLANG_WARN_INT_CONVERSION = YES;
				CLANG_WARN_NON_LITERAL_NULL_CONVERSION = YES;
				CLANG_WARN_OBJC_IMPLICIT_RETAIN_SELF = YES;
				CLANG_WARN_OBJC_LITERAL_CONVERSION = YES;
				CLANG_WARN_OBJC_ROOT_CLASS = YES_ERROR;
				CLANG_WARN_RANGE_LOOP_ANALYSIS = YES;
				CLANG_WARN_STRICT_PROTOTYPES = YES;
				CLANG_WARN_SUSPICIOUS_MOVE = YES;
				CLANG_WARN_UNGUARDED_AVAILABILITY = YES_AGGRESSIVE;
				CLANG_WARN_UNREACHABLE_CODE = YES;
				CLANG_WARN__DUPLICATE_METHOD_MATCH = YES;
				COPY_PHASE_STRIP = NO;
				DEBUG_INFORMATION_FORMAT = dwarf;
				ENABLE_STRICT_OBJC_MSGSEND = YES;
				ENABLE_TESTABILITY = YES;
				GCC_C_LANGUAGE_STANDARD = gnu11;
				GCC_DYNAMIC_NO_PIC = NO;
				GCC_NO_COMMON_BLOCKS = YES;
				GCC_OPTIMIZATION_LEVEL = 0;
				GCC_PREPROCESSOR_DEFINITIONS = (
					"DEBUG=1",
					"$(inherited)",
				);
				GCC_WARN_64_TO_32_BIT_CONVERSION = YES;
				GCC_WARN_ABOUT_RETURN_TYPE = YES_ERROR;
				GCC_WARN_UNDECLARED_SELECTOR = YES;
				GCC_WARN_UNINITIALIZED_AUTOS = YES_AGGRESSIVE;
				GCC_WARN_UNUSED_FUNCTION = YES;
				GCC_WARN_UNUSED_VARIABLE = YES;
				IPHONEOS_DEPLOYMENT_TARGET = 13.4;
				MTL_ENABLE_DEBUG_INFO = INCLUDE_SOURCE;
				MTL_FAST_MATH = YES;
				ONLY_ACTIVE_ARCH = YES;
				SDKROOT = iphoneos;
				SWIFT_ACTIVE_COMPILATION_CONDITIONS = DEBUG;
				SWIFT_OPTIMIZATION_LEVEL = "-Onone";
			};
			name = Debug;
		};
		082F00472458F1E50014C0CB /* Release */ = {
			isa = XCBuildConfiguration;
			buildSettings = {
				ALWAYS_SEARCH_USER_PATHS = NO;
				CLANG_ANALYZER_NONNULL = YES;
				CLANG_ANALYZER_NUMBER_OBJECT_CONVERSION = YES_AGGRESSIVE;
				CLANG_CXX_LANGUAGE_STANDARD = "gnu++14";
				CLANG_CXX_LIBRARY = "libc++";
				CLANG_ENABLE_MODULES = YES;
				CLANG_ENABLE_OBJC_ARC = YES;
				CLANG_ENABLE_OBJC_WEAK = YES;
				CLANG_WARN_BLOCK_CAPTURE_AUTORELEASING = YES;
				CLANG_WARN_BOOL_CONVERSION = YES;
				CLANG_WARN_COMMA = YES;
				CLANG_WARN_CONSTANT_CONVERSION = YES;
				CLANG_WARN_DEPRECATED_OBJC_IMPLEMENTATIONS = YES;
				CLANG_WARN_DIRECT_OBJC_ISA_USAGE = YES_ERROR;
				CLANG_WARN_DOCUMENTATION_COMMENTS = YES;
				CLANG_WARN_EMPTY_BODY = YES;
				CLANG_WARN_ENUM_CONVERSION = YES;
				CLANG_WARN_INFINITE_RECURSION = YES;
				CLANG_WARN_INT_CONVERSION = YES;
				CLANG_WARN_NON_LITERAL_NULL_CONVERSION = YES;
				CLANG_WARN_OBJC_IMPLICIT_RETAIN_SELF = YES;
				CLANG_WARN_OBJC_LITERAL_CONVERSION = YES;
				CLANG_WARN_OBJC_ROOT_CLASS = YES_ERROR;
				CLANG_WARN_RANGE_LOOP_ANALYSIS = YES;
				CLANG_WARN_STRICT_PROTOTYPES = YES;
				CLANG_WARN_SUSPICIOUS_MOVE = YES;
				CLANG_WARN_UNGUARDED_AVAILABILITY = YES_AGGRESSIVE;
				CLANG_WARN_UNREACHABLE_CODE = YES;
				CLANG_WARN__DUPLICATE_METHOD_MATCH = YES;
				COPY_PHASE_STRIP = NO;
				DEBUG_INFORMATION_FORMAT = "dwarf-with-dsym";
				ENABLE_NS_ASSERTIONS = NO;
				ENABLE_STRICT_OBJC_MSGSEND = YES;
				GCC_C_LANGUAGE_STANDARD = gnu11;
				GCC_NO_COMMON_BLOCKS = YES;
				GCC_WARN_64_TO_32_BIT_CONVERSION = YES;
				GCC_WARN_ABOUT_RETURN_TYPE = YES_ERROR;
				GCC_WARN_UNDECLARED_SELECTOR = YES;
				GCC_WARN_UNINITIALIZED_AUTOS = YES_AGGRESSIVE;
				GCC_WARN_UNUSED_FUNCTION = YES;
				GCC_WARN_UNUSED_VARIABLE = YES;
				IPHONEOS_DEPLOYMENT_TARGET = 13.4;
				MTL_ENABLE_DEBUG_INFO = NO;
				MTL_FAST_MATH = YES;
				SDKROOT = iphoneos;
				SWIFT_COMPILATION_MODE = wholemodule;
				SWIFT_OPTIMIZATION_LEVEL = "-O";
				VALIDATE_PRODUCT = YES;
			};
			name = Release;
		};
		082F00492458F1E50014C0CB /* Debug */ = {
			isa = XCBuildConfiguration;
			buildSettings = {
				ASSETCATALOG_COMPILER_APPICON_NAME = AppIcon;
				CODE_SIGN_STYLE = Automatic;
				DEVELOPMENT_TEAM = 58Q543QXGB;
				INFOPLIST_FILE = Gridy/Info.plist;
				LD_RUNPATH_SEARCH_PATHS = (
					"$(inherited)",
					"@executable_path/Frameworks",
				);
				PRODUCT_BUNDLE_IDENTIFIER = "com.tora.buke-gmail.Gridy";
				PRODUCT_NAME = "$(TARGET_NAME)";
				SWIFT_VERSION = 5.0;
				TARGETED_DEVICE_FAMILY = "1,2";
			};
			name = Debug;
		};
		082F004A2458F1E50014C0CB /* Release */ = {
			isa = XCBuildConfiguration;
			buildSettings = {
				ASSETCATALOG_COMPILER_APPICON_NAME = AppIcon;
				CODE_SIGN_STYLE = Automatic;
				DEVELOPMENT_TEAM = 58Q543QXGB;
				INFOPLIST_FILE = Gridy/Info.plist;
				LD_RUNPATH_SEARCH_PATHS = (
					"$(inherited)",
					"@executable_path/Frameworks",
				);
				PRODUCT_BUNDLE_IDENTIFIER = "com.tora.buke-gmail.Gridy";
				PRODUCT_NAME = "$(TARGET_NAME)";
				SWIFT_VERSION = 5.0;
				TARGETED_DEVICE_FAMILY = "1,2";
			};
			name = Release;
		};
/* End XCBuildConfiguration section */

/* Begin XCConfigurationList section */
		082F002F2458F1E30014C0CB /* Build configuration list for PBXProject "Gridy" */ = {
			isa = XCConfigurationList;
			buildConfigurations = (
				082F00462458F1E50014C0CB /* Debug */,
				082F00472458F1E50014C0CB /* Release */,
			);
			defaultConfigurationIsVisible = 0;
			defaultConfigurationName = Release;
		};
		082F00482458F1E50014C0CB /* Build configuration list for PBXNativeTarget "Gridy" */ = {
			isa = XCConfigurationList;
			buildConfigurations = (
				082F00492458F1E50014C0CB /* Debug */,
				082F004A2458F1E50014C0CB /* Release */,
			);
			defaultConfigurationIsVisible = 0;
			defaultConfigurationName = Release;
		};
/* End XCConfigurationList section */
	};
	rootObject = 082F002C2458F1E30014C0CB /* Project object */;
}
